
Microsoft Visual Studio Solution File, Format Version 12.00
# Visual Studio Version 17
VisualStudioVersion = 17.5.33414.496
MinimumVisualStudioVersion = 10.0.40219.1
Project("{9A19103F-16F7-4668-BE54-9A1E7A4F7556}") = "CQRS.Core", "..\CQRS\CQRS.Core\CQRS.Core.csproj", "{F71341E9-43E0-43B7-B6F0-A409D85A3E80}"
EndProject
Project("{2150E333-8FDC-42A3-9474-1A3956D46DE8}") = "CQRS", "CQRS", "{5B65085B-E6D8-4005-AC26-326B7539C88F}"
EndProject
Project("{2150E333-8FDC-42A3-9474-1A3956D46DE8}") = "Catalog.Cmd", "Catalog.Cmd", "{07E3BD9E-18EB-497A-95FE-3307B1406C34}"
EndProject
Project("{2150E333-8FDC-42A3-9474-1A3956D46DE8}") = "Catalog.Query", "Catalog.Query", "{9EDD6802-D79A-43DB-83E8-055F89E3A099}"
EndProject
Project("{9A19103F-16F7-4668-BE54-9A1E7A4F7556}") = "Catalog.Cmd.Api", "Catalog.Cmd.Api\Catalog.Cmd.Api.csproj", "{D352A3F7-78CA-42B4-A82F-E370CD8F97A0}"
EndProject
Project("{9A19103F-16F7-4668-BE54-9A1E7A4F7556}") = "Catalog.Cmd.Domain", "Catalog.Cmd.Domain\Catalog.Cmd.Domain.csproj", "{7A9C8B61-6D00-44FA-9C7F-DA23822AF140}"
EndProject
Project("{9A19103F-16F7-4668-BE54-9A1E7A4F7556}") = "Catalog.Cmd.Infrastructure", "Catalog.Cmd.Infrastructure\Catalog.Cmd.Infrastructure.csproj", "{B479F816-CE95-4B9C-B91D-E7A71B742959}"
EndProject
Project("{9A19103F-16F7-4668-BE54-9A1E7A4F7556}") = "Catalog.Query.Api", "Catalog.Query.Api\Catalog.Query.Api.csproj", "{B0CF28CC-77D4-46CE-B6EE-418098B50D29}"
EndProject
Project("{9A19103F-16F7-4668-BE54-9A1E7A4F7556}") = "Catalog.Query.Domain", "Catalog.Query.Domain\Catalog.Query.Domain.csproj", "{ACDCBB3D-ADFB-4901-A0A5-1D3887B46E0D}"
EndProject
Project("{9A19103F-16F7-4668-BE54-9A1E7A4F7556}") = "Catalog.Query.Infrastructure", "Catalog.Query.Infrastructure\Catalog.Query.Infrastructure.csproj", "{27684194-94F9-4D28-822E-16C940AE1D58}"
EndProject
Project("{2150E333-8FDC-42A3-9474-1A3956D46DE8}") = "Catalog.Common", "Catalog.Common", "{18626F34-E68C-4C07-A303-F3A60E4DAF12}"
EndProject
Project("{9A19103F-16F7-4668-BE54-9A1E7A4F7556}") = "Catalog.Common", "Catalog.Common\Catalog.Common.csproj", "{B72A1398-EA3D-4654-836E-AEC79B0C8966}"
EndProject
Project("{9A19103F-16F7-4668-BE54-9A1E7A4F7556}") = "Catalog.Cmd.Command", "Catalog.Cmd.Command\Catalog.Cmd.Command.csproj", "{EAFBA3B7-F92A-420C-8A65-E67BF5D10F65}"
EndProject
Project("{2150E333-8FDC-42A3-9474-1A3956D46DE8}") = "Catalog.Tests", "Catalog.Tests", "{0ACA3C51-6B4F-43FB-9DCB-744DBDF84398}"
EndProject
Project("{FAE04EC0-301F-11D3-BF4B-00C04F79EFBC}") = "Catalog.Tests.Cmd", "Catalog.Tests.Cmd\Catalog.Tests.Cmd.csproj", "{7C5C7B37-B104-46C9-86EA-A6C65267C60F}"
EndProject
Global
	GlobalSection(SolutionConfigurationPlatforms) = preSolution
		Debug|Any CPU = Debug|Any CPU
		Release|Any CPU = Release|Any CPU
	EndGlobalSection
	GlobalSection(ProjectConfigurationPlatforms) = postSolution
		{F71341E9-43E0-43B7-B6F0-A409D85A3E80}.Debug|Any CPU.ActiveCfg = Debug|Any CPU
		{F71341E9-43E0-43B7-B6F0-A409D85A3E80}.Debug|Any CPU.Build.0 = Debug|Any CPU
		{F71341E9-43E0-43B7-B6F0-A409D85A3E80}.Release|Any CPU.ActiveCfg = Release|Any CPU
		{F71341E9-43E0-43B7-B6F0-A409D85A3E80}.Release|Any CPU.Build.0 = Release|Any CPU
		{D352A3F7-78CA-42B4-A82F-E370CD8F97A0}.Debug|Any CPU.ActiveCfg = Debug|Any CPU
		{D352A3F7-78CA-42B4-A82F-E370CD8F97A0}.Debug|Any CPU.Build.0 = Debug|Any CPU
		{D352A3F7-78CA-42B4-A82F-E370CD8F97A0}.Release|Any CPU.ActiveCfg = Release|Any CPU
		{D352A3F7-78CA-42B4-A82F-E370CD8F97A0}.Release|Any CPU.Build.0 = Release|Any CPU
		{7A9C8B61-6D00-44FA-9C7F-DA23822AF140}.Debug|Any CPU.ActiveCfg = Debug|Any CPU
		{7A9C8B61-6D00-44FA-9C7F-DA23822AF140}.Debug|Any CPU.Build.0 = Debug|Any CPU
		{7A9C8B61-6D00-44FA-9C7F-DA23822AF140}.Release|Any CPU.ActiveCfg = Release|Any CPU
		{7A9C8B61-6D00-44FA-9C7F-DA23822AF140}.Release|Any CPU.Build.0 = Release|Any CPU
		{B479F816-CE95-4B9C-B91D-E7A71B742959}.Debug|Any CPU.ActiveCfg = Debug|Any CPU
		{B479F816-CE95-4B9C-B91D-E7A71B742959}.Debug|Any CPU.Build.0 = Debug|Any CPU
		{B479F816-CE95-4B9C-B91D-E7A71B742959}.Release|Any CPU.ActiveCfg = Release|Any CPU
		{B479F816-CE95-4B9C-B91D-E7A71B742959}.Release|Any CPU.Build.0 = Release|Any CPU
		{B0CF28CC-77D4-46CE-B6EE-418098B50D29}.Debug|Any CPU.ActiveCfg = Debug|Any CPU
		{B0CF28CC-77D4-46CE-B6EE-418098B50D29}.Debug|Any CPU.Build.0 = Debug|Any CPU
		{B0CF28CC-77D4-46CE-B6EE-418098B50D29}.Release|Any CPU.ActiveCfg = Release|Any CPU
		{B0CF28CC-77D4-46CE-B6EE-418098B50D29}.Release|Any CPU.Build.0 = Release|Any CPU
		{ACDCBB3D-ADFB-4901-A0A5-1D3887B46E0D}.Debug|Any CPU.ActiveCfg = Debug|Any CPU
		{ACDCBB3D-ADFB-4901-A0A5-1D3887B46E0D}.Debug|Any CPU.Build.0 = Debug|Any CPU
		{ACDCBB3D-ADFB-4901-A0A5-1D3887B46E0D}.Release|Any CPU.ActiveCfg = Release|Any CPU
		{ACDCBB3D-ADFB-4901-A0A5-1D3887B46E0D}.Release|Any CPU.Build.0 = Release|Any CPU
		{27684194-94F9-4D28-822E-16C940AE1D58}.Debug|Any CPU.ActiveCfg = Debug|Any CPU
		{27684194-94F9-4D28-822E-16C940AE1D58}.Debug|Any CPU.Build.0 = Debug|Any CPU
		{27684194-94F9-4D28-822E-16C940AE1D58}.Release|Any CPU.ActiveCfg = Release|Any CPU
		{27684194-94F9-4D28-822E-16C940AE1D58}.Release|Any CPU.Build.0 = Release|Any CPU
		{B72A1398-EA3D-4654-836E-AEC79B0C8966}.Debug|Any CPU.ActiveCfg = Debug|Any CPU
		{B72A1398-EA3D-4654-836E-AEC79B0C8966}.Debug|Any CPU.Build.0 = Debug|Any CPU
		{B72A1398-EA3D-4654-836E-AEC79B0C8966}.Release|Any CPU.ActiveCfg = Release|Any CPU
		{B72A1398-EA3D-4654-836E-AEC79B0C8966}.Release|Any CPU.Build.0 = Release|Any CPU
		{EAFBA3B7-F92A-420C-8A65-E67BF5D10F65}.Debug|Any CPU.ActiveCfg = Debug|Any CPU
		{EAFBA3B7-F92A-420C-8A65-E67BF5D10F65}.Debug|Any CPU.Build.0 = Debug|Any CPU
		{EAFBA3B7-F92A-420C-8A65-E67BF5D10F65}.Release|Any CPU.ActiveCfg = Release|Any CPU
		{EAFBA3B7-F92A-420C-8A65-E67BF5D10F65}.Release|Any CPU.Build.0 = Release|Any CPU
		{7C5C7B37-B104-46C9-86EA-A6C65267C60F}.Debug|Any CPU.ActiveCfg = Debug|Any CPU
		{7C5C7B37-B104-46C9-86EA-A6C65267C60F}.Debug|Any CPU.Build.0 = Debug|Any CPU
		{7C5C7B37-B104-46C9-86EA-A6C65267C60F}.Release|Any CPU.ActiveCfg = Release|Any CPU
		{7C5C7B37-B104-46C9-86EA-A6C65267C60F}.Release|Any CPU.Build.0 = Release|Any CPU
	EndGlobalSection
	GlobalSection(SolutionProperties) = preSolution
		HideSolutionNode = FALSE
	EndGlobalSection
	GlobalSection(NestedProjects) = preSolution
		{F71341E9-43E0-43B7-B6F0-A409D85A3E80} = {5B65085B-E6D8-4005-AC26-326B7539C88F}
		{D352A3F7-78CA-42B4-A82F-E370CD8F97A0} = {07E3BD9E-18EB-497A-95FE-3307B1406C34}
		{7A9C8B61-6D00-44FA-9C7F-DA23822AF140} = {07E3BD9E-18EB-497A-95FE-3307B1406C34}
		{B479F816-CE95-4B9C-B91D-E7A71B742959} = {07E3BD9E-18EB-497A-95FE-3307B1406C34}
		{B0CF28CC-77D4-46CE-B6EE-418098B50D29} = {9EDD6802-D79A-43DB-83E8-055F89E3A099}
		{ACDCBB3D-ADFB-4901-A0A5-1D3887B46E0D} = {9EDD6802-D79A-43DB-83E8-055F89E3A099}
		{27684194-94F9-4D28-822E-16C940AE1D58} = {9EDD6802-D79A-43DB-83E8-055F89E3A099}
		{B72A1398-EA3D-4654-836E-AEC79B0C8966} = {18626F34-E68C-4C07-A303-F3A60E4DAF12}
		{EAFBA3B7-F92A-420C-8A65-E67BF5D10F65} = {07E3BD9E-18EB-497A-95FE-3307B1406C34}
		{7C5C7B37-B104-46C9-86EA-A6C65267C60F} = {0ACA3C51-6B4F-43FB-9DCB-744DBDF84398}
	EndGlobalSection
	GlobalSection(ExtensibilityGlobals) = postSolution
		SolutionGuid = {6C52CFCC-4054-4B84-94E8-3EDCE8231C5C}
	EndGlobalSection
EndGlobal
